
Microsoft Visual Studio Solution File, Format Version 12.00
# Visual Studio Version 17
VisualStudioVersion = 17.6.33815.320
MinimumVisualStudioVersion = 10.0.40219.1
Project("{FAE04EC0-301F-11D3-BF4B-00C04F79EFBC}") = "WindowsFormsApp1", "WindowsFormsApp1\WindowsFormsApp1.csproj", "{EA0D65EB-5D27-4B2D-84DE-88A901474B0D}"
EndProject
Global
	GlobalSection(SolutionConfigurationPlatforms) = preSolution
		Debug|Any CPU = Debug|Any CPU
		Release|Any CPU = Release|Any CPU
	EndGlobalSection
	GlobalSection(ProjectConfigurationPlatforms) = postSolution
		{EA0D65EB-5D27-4B2D-84DE-88A901474B0D}.Debug|Any CPU.ActiveCfg = Debug|Any CPU
		{EA0D65EB-5D27-4B2D-84DE-88A901474B0D}.Debug|Any CPU.Build.0 = Debug|Any CPU
		{EA0D65EB-5D27-4B2D-84DE-88A901474B0D}.Release|Any CPU.ActiveCfg = Release|Any CPU
		{EA0D65EB-5D27-4B2D-84DE-88A901474B0D}.Release|Any CPU.Build.0 = Release|Any CPU
	EndGlobalSection
	GlobalSection(SolutionProperties) = preSolution
		HideSolutionNode = FALSE
	EndGlobalSection
	GlobalSection(ExtensibilityGlobals) = postSolution
		SolutionGuid = {A4C260F2-76C3-4B1C-9DED-71B96BBFE3BA}
	EndGlobalSection
EndGlobal
